
Microsoft Visual Studio Solution File, Format Version 11.00
# Visual Studio 2010
Project("{FAE04EC0-301F-11D3-BF4B-00C04F79EFBC}") = "Assembly-CSharp", "Assembly-CSharp.csproj", "{7D7EDDFA-D25A-0767-5BFF-F6A5C561F76E}"
EndProject
Project("{FAE04EC0-301F-11D3-BF4B-00C04F79EFBC}") = "NavMeshComponentsExamples", "NavMeshComponentsExamples.csproj", "{2AA423BC-28B4-06AF-7EFB-29F555C7E48E}"
EndProject
Project("{FAE04EC0-301F-11D3-BF4B-00C04F79EFBC}") = "Boxophobic.Utils.Scripts", "Boxophobic.Utils.Scripts.csproj", "{B891CEA1-47BE-0775-F3CA-1E3D948ABBC4}"
EndProject
Project("{FAE04EC0-301F-11D3-BF4B-00C04F79EFBC}") = "NavMeshComponents", "NavMeshComponents.csproj", "{05F6BE6E-9627-60E5-C268-364EA4CF7708}"
EndProject
Project("{FAE04EC0-301F-11D3-BF4B-00C04F79EFBC}") = "NavMeshComponentsTestsPlaymode", "NavMeshComponentsTestsPlaymode.csproj", "{5FF9F3C0-0FAC-F5F8-499C-A99E3B4AF3E5}"
EndProject
Project("{FAE04EC0-301F-11D3-BF4B-00C04F79EFBC}") = "Assembly-CSharp-firstpass", "Assembly-CSharp-firstpass.csproj", "{EB500A15-B302-D3EC-33C5-293390583694}"
EndProject
Project("{FAE04EC0-301F-11D3-BF4B-00C04F79EFBC}") = "Boxophobic.Utils.Editor", "Boxophobic.Utils.Editor.csproj", "{23A92527-7E80-EEE1-AB2B-763257D2A3AE}"
EndProject
Project("{FAE04EC0-301F-11D3-BF4B-00C04F79EFBC}") = "NavMeshComponentsEditor", "NavMeshComponentsEditor.csproj", "{4A510DB7-4886-92DF-0298-734388889A2B}"
EndProject
Project("{FAE04EC0-301F-11D3-BF4B-00C04F79EFBC}") = "Assembly-CSharp-Editor-firstpass", "Assembly-CSharp-Editor-firstpass.csproj", "{6FB69451-34E6-0695-D38D-C844BA13FFA0}"
EndProject
Project("{FAE04EC0-301F-11D3-BF4B-00C04F79EFBC}") = "NavMeshComponentsTestsEditmode", "NavMeshComponentsTestsEditmode.csproj", "{BD0686AE-2EA5-3AA5-7EBF-E38D226E63D4}"
EndProject
Project("{FAE04EC0-301F-11D3-BF4B-00C04F79EFBC}") = "Boxophobic.SkyboxCubemapExtended.Editor", "Boxophobic.SkyboxCubemapExtended.Editor.csproj", "{6FB6254D-7EC6-6034-A77A-9D43C08C4225}"
EndProject
Project("{FAE04EC0-301F-11D3-BF4B-00C04F79EFBC}") = "NavMeshComponentsExamplesEditor", "NavMeshComponentsExamplesEditor.csproj", "{3C148E90-F237-7780-7CE0-A0D40176941D}"
EndProject
Global
	GlobalSection(SolutionConfigurationPlatforms) = preSolution
		Debug|Any CPU = Debug|Any CPU
		Release|Any CPU = Release|Any CPU
	EndGlobalSection
	GlobalSection(ProjectConfigurationPlatforms) = postSolution
		{7D7EDDFA-D25A-0767-5BFF-F6A5C561F76E}.Debug|Any CPU.ActiveCfg = Debug|Any CPU
		{7D7EDDFA-D25A-0767-5BFF-F6A5C561F76E}.Debug|Any CPU.Build.0 = Debug|Any CPU
		{7D7EDDFA-D25A-0767-5BFF-F6A5C561F76E}.Release|Any CPU.ActiveCfg = Release|Any CPU
		{7D7EDDFA-D25A-0767-5BFF-F6A5C561F76E}.Release|Any CPU.Build.0 = Release|Any CPU
		{2AA423BC-28B4-06AF-7EFB-29F555C7E48E}.Debug|Any CPU.ActiveCfg = Debug|Any CPU
		{2AA423BC-28B4-06AF-7EFB-29F555C7E48E}.Debug|Any CPU.Build.0 = Debug|Any CPU
		{2AA423BC-28B4-06AF-7EFB-29F555C7E48E}.Release|Any CPU.ActiveCfg = Release|Any CPU
		{2AA423BC-28B4-06AF-7EFB-29F555C7E48E}.Release|Any CPU.Build.0 = Release|Any CPU
		{B891CEA1-47BE-0775-F3CA-1E3D948ABBC4}.Debug|Any CPU.ActiveCfg = Debug|Any CPU
		{B891CEA1-47BE-0775-F3CA-1E3D948ABBC4}.Debug|Any CPU.Build.0 = Debug|Any CPU
		{B891CEA1-47BE-0775-F3CA-1E3D948ABBC4}.Release|Any CPU.ActiveCfg = Release|Any CPU
		{B891CEA1-47BE-0775-F3CA-1E3D948ABBC4}.Release|Any CPU.Build.0 = Release|Any CPU
		{05F6BE6E-9627-60E5-C268-364EA4CF7708}.Debug|Any CPU.ActiveCfg = Debug|Any CPU
		{05F6BE6E-9627-60E5-C268-364EA4CF7708}.Debug|Any CPU.Build.0 = Debug|Any CPU
		{05F6BE6E-9627-60E5-C268-364EA4CF7708}.Release|Any CPU.ActiveCfg = Release|Any CPU
		{05F6BE6E-9627-60E5-C268-364EA4CF7708}.Release|Any CPU.Build.0 = Release|Any CPU
		{5FF9F3C0-0FAC-F5F8-499C-A99E3B4AF3E5}.Debug|Any CPU.ActiveCfg = Debug|Any CPU
		{5FF9F3C0-0FAC-F5F8-499C-A99E3B4AF3E5}.Debug|Any CPU.Build.0 = Debug|Any CPU
		{5FF9F3C0-0FAC-F5F8-499C-A99E3B4AF3E5}.Release|Any CPU.ActiveCfg = Release|Any CPU
		{5FF9F3C0-0FAC-F5F8-499C-A99E3B4AF3E5}.Release|Any CPU.Build.0 = Release|Any CPU
		{EB500A15-B302-D3EC-33C5-293390583694}.Debug|Any CPU.ActiveCfg = Debug|Any CPU
		{EB500A15-B302-D3EC-33C5-293390583694}.Debug|Any CPU.Build.0 = Debug|Any CPU
		{EB500A15-B302-D3EC-33C5-293390583694}.Release|Any CPU.ActiveCfg = Release|Any CPU
		{EB500A15-B302-D3EC-33C5-293390583694}.Release|Any CPU.Build.0 = Release|Any CPU
		{23A92527-7E80-EEE1-AB2B-763257D2A3AE}.Debug|Any CPU.ActiveCfg = Debug|Any CPU
		{23A92527-7E80-EEE1-AB2B-763257D2A3AE}.Debug|Any CPU.Build.0 = Debug|Any CPU
		{23A92527-7E80-EEE1-AB2B-763257D2A3AE}.Release|Any CPU.ActiveCfg = Release|Any CPU
		{23A92527-7E80-EEE1-AB2B-763257D2A3AE}.Release|Any CPU.Build.0 = Release|Any CPU
		{4A510DB7-4886-92DF-0298-734388889A2B}.Debug|Any CPU.ActiveCfg = Debug|Any CPU
		{4A510DB7-4886-92DF-0298-734388889A2B}.Debug|Any CPU.Build.0 = Debug|Any CPU
		{4A510DB7-4886-92DF-0298-734388889A2B}.Release|Any CPU.ActiveCfg = Release|Any CPU
		{4A510DB7-4886-92DF-0298-734388889A2B}.Release|Any CPU.Build.0 = Release|Any CPU
		{6FB69451-34E6-0695-D38D-C844BA13FFA0}.Debug|Any CPU.ActiveCfg = Debug|Any CPU
		{6FB69451-34E6-0695-D38D-C844BA13FFA0}.Debug|Any CPU.Build.0 = Debug|Any CPU
		{6FB69451-34E6-0695-D38D-C844BA13FFA0}.Release|Any CPU.ActiveCfg = Release|Any CPU
		{6FB69451-34E6-0695-D38D-C844BA13FFA0}.Release|Any CPU.Build.0 = Release|Any CPU
		{BD0686AE-2EA5-3AA5-7EBF-E38D226E63D4}.Debug|Any CPU.ActiveCfg = Debug|Any CPU
		{BD0686AE-2EA5-3AA5-7EBF-E38D226E63D4}.Debug|Any CPU.Build.0 = Debug|Any CPU
		{BD0686AE-2EA5-3AA5-7EBF-E38D226E63D4}.Release|Any CPU.ActiveCfg = Release|Any CPU
		{BD0686AE-2EA5-3AA5-7EBF-E38D226E63D4}.Release|Any CPU.Build.0 = Release|Any CPU
		{6FB6254D-7EC6-6034-A77A-9D43C08C4225}.Debug|Any CPU.ActiveCfg = Debug|Any CPU
		{6FB6254D-7EC6-6034-A77A-9D43C08C4225}.Debug|Any CPU.Build.0 = Debug|Any CPU
		{6FB6254D-7EC6-6034-A77A-9D43C08C4225}.Release|Any CPU.ActiveCfg = Release|Any CPU
		{6FB6254D-7EC6-6034-A77A-9D43C08C4225}.Release|Any CPU.Build.0 = Release|Any CPU
		{3C148E90-F237-7780-7CE0-A0D40176941D}.Debug|Any CPU.ActiveCfg = Debug|Any CPU
		{3C148E90-F237-7780-7CE0-A0D40176941D}.Debug|Any CPU.Build.0 = Debug|Any CPU
		{3C148E90-F237-7780-7CE0-A0D40176941D}.Release|Any CPU.ActiveCfg = Release|Any CPU
		{3C148E90-F237-7780-7CE0-A0D40176941D}.Release|Any CPU.Build.0 = Release|Any CPU
	EndGlobalSection
	GlobalSection(SolutionProperties) = preSolution
		HideSolutionNode = FALSE
	EndGlobalSection
EndGlobal
