
Microsoft Visual Studio Solution File, Format Version 11.00
# Visual Studio 2010
Project("{FAE04EC0-301F-11D3-BF4B-00C04F79EFBC}") = "Assembly-CSharp", "Assembly-CSharp.csproj", "{C1559A2E-433E-F7C3-1279-19EBE37CBD60}"
EndProject
Project("{FAE04EC0-301F-11D3-BF4B-00C04F79EFBC}") = "NavMeshComponentsExamples", "NavMeshComponentsExamples.csproj", "{0E76820B-73B8-9A95-BA32-2DD4F779B167}"
EndProject
Project("{FAE04EC0-301F-11D3-BF4B-00C04F79EFBC}") = "Boxophobic.Utils.Scripts", "Boxophobic.Utils.Scripts.csproj", "{2D57BD6B-BA29-A7D5-962A-B216741BFA88}"
EndProject
Project("{FAE04EC0-301F-11D3-BF4B-00C04F79EFBC}") = "NavMeshComponents", "NavMeshComponents.csproj", "{769AF517-7911-E8DC-732D-01AF4F45BA22}"
EndProject
Project("{FAE04EC0-301F-11D3-BF4B-00C04F79EFBC}") = "NavMeshComponentsTestsPlaymode", "NavMeshComponentsTestsPlaymode.csproj", "{E53FEDBC-4C25-2E1D-353E-95566DF34B71}"
EndProject
Project("{FAE04EC0-301F-11D3-BF4B-00C04F79EFBC}") = "Assembly-CSharp-firstpass", "Assembly-CSharp-firstpass.csproj", "{08E3B644-D8D6-0F74-D140-AB6925270612}"
EndProject
Project("{FAE04EC0-301F-11D3-BF4B-00C04F79EFBC}") = "Boxophobic.Utils.Editor", "Boxophobic.Utils.Editor.csproj", "{A21E5CE9-3E4D-9FD9-C0B6-EBA5B1387087}"
EndProject
Project("{FAE04EC0-301F-11D3-BF4B-00C04F79EFBC}") = "NavMeshComponentsEditor", "NavMeshComponentsEditor.csproj", "{C4C656B3-1AFE-4870-CA7B-C688B034EFDA}"
EndProject
Project("{FAE04EC0-301F-11D3-BF4B-00C04F79EFBC}") = "Assembly-CSharp-Editor-firstpass", "Assembly-CSharp-Editor-firstpass.csproj", "{21BE052B-46FC-1E74-6A4F-082490DFDFD4}"
EndProject
Project("{FAE04EC0-301F-11D3-BF4B-00C04F79EFBC}") = "NavMeshComponentsTestsEditmode", "NavMeshComponentsTestsEditmode.csproj", "{62EA99A3-CE9F-C9E5-071D-BCB01E0731F7}"
EndProject
Project("{FAE04EC0-301F-11D3-BF4B-00C04F79EFBC}") = "Assembly-CSharp-Editor", "Assembly-CSharp-Editor.csproj", "{6AF3E658-5492-88C6-A329-D310D4DD6F5F}"
EndProject
Project("{FAE04EC0-301F-11D3-BF4B-00C04F79EFBC}") = "Boxophobic.SkyboxCubemapExtended.Editor", "Boxophobic.SkyboxCubemapExtended.Editor.csproj", "{532D8805-97A7-A2DA-0AC6-D852788A2C89}"
EndProject
Project("{FAE04EC0-301F-11D3-BF4B-00C04F79EFBC}") = "NavMeshComponentsExamplesEditor", "NavMeshComponentsExamplesEditor.csproj", "{EE615242-B151-0B79-5887-598AF3A39C17}"
EndProject
Global
	GlobalSection(SolutionConfigurationPlatforms) = preSolution
		Debug|Any CPU = Debug|Any CPU
		Release|Any CPU = Release|Any CPU
	EndGlobalSection
	GlobalSection(ProjectConfigurationPlatforms) = postSolution
		{C1559A2E-433E-F7C3-1279-19EBE37CBD60}.Debug|Any CPU.ActiveCfg = Debug|Any CPU
		{C1559A2E-433E-F7C3-1279-19EBE37CBD60}.Debug|Any CPU.Build.0 = Debug|Any CPU
		{C1559A2E-433E-F7C3-1279-19EBE37CBD60}.Release|Any CPU.ActiveCfg = Release|Any CPU
		{C1559A2E-433E-F7C3-1279-19EBE37CBD60}.Release|Any CPU.Build.0 = Release|Any CPU
		{0E76820B-73B8-9A95-BA32-2DD4F779B167}.Debug|Any CPU.ActiveCfg = Debug|Any CPU
		{0E76820B-73B8-9A95-BA32-2DD4F779B167}.Debug|Any CPU.Build.0 = Debug|Any CPU
		{0E76820B-73B8-9A95-BA32-2DD4F779B167}.Release|Any CPU.ActiveCfg = Release|Any CPU
		{0E76820B-73B8-9A95-BA32-2DD4F779B167}.Release|Any CPU.Build.0 = Release|Any CPU
		{2D57BD6B-BA29-A7D5-962A-B216741BFA88}.Debug|Any CPU.ActiveCfg = Debug|Any CPU
		{2D57BD6B-BA29-A7D5-962A-B216741BFA88}.Debug|Any CPU.Build.0 = Debug|Any CPU
		{2D57BD6B-BA29-A7D5-962A-B216741BFA88}.Release|Any CPU.ActiveCfg = Release|Any CPU
		{2D57BD6B-BA29-A7D5-962A-B216741BFA88}.Release|Any CPU.Build.0 = Release|Any CPU
		{769AF517-7911-E8DC-732D-01AF4F45BA22}.Debug|Any CPU.ActiveCfg = Debug|Any CPU
		{769AF517-7911-E8DC-732D-01AF4F45BA22}.Debug|Any CPU.Build.0 = Debug|Any CPU
		{769AF517-7911-E8DC-732D-01AF4F45BA22}.Release|Any CPU.ActiveCfg = Release|Any CPU
		{769AF517-7911-E8DC-732D-01AF4F45BA22}.Release|Any CPU.Build.0 = Release|Any CPU
		{E53FEDBC-4C25-2E1D-353E-95566DF34B71}.Debug|Any CPU.ActiveCfg = Debug|Any CPU
		{E53FEDBC-4C25-2E1D-353E-95566DF34B71}.Debug|Any CPU.Build.0 = Debug|Any CPU
		{E53FEDBC-4C25-2E1D-353E-95566DF34B71}.Release|Any CPU.ActiveCfg = Release|Any CPU
		{E53FEDBC-4C25-2E1D-353E-95566DF34B71}.Release|Any CPU.Build.0 = Release|Any CPU
		{08E3B644-D8D6-0F74-D140-AB6925270612}.Debug|Any CPU.ActiveCfg = Debug|Any CPU
		{08E3B644-D8D6-0F74-D140-AB6925270612}.Debug|Any CPU.Build.0 = Debug|Any CPU
		{08E3B644-D8D6-0F74-D140-AB6925270612}.Release|Any CPU.ActiveCfg = Release|Any CPU
		{08E3B644-D8D6-0F74-D140-AB6925270612}.Release|Any CPU.Build.0 = Release|Any CPU
		{A21E5CE9-3E4D-9FD9-C0B6-EBA5B1387087}.Debug|Any CPU.ActiveCfg = Debug|Any CPU
		{A21E5CE9-3E4D-9FD9-C0B6-EBA5B1387087}.Debug|Any CPU.Build.0 = Debug|Any CPU
		{A21E5CE9-3E4D-9FD9-C0B6-EBA5B1387087}.Release|Any CPU.ActiveCfg = Release|Any CPU
		{A21E5CE9-3E4D-9FD9-C0B6-EBA5B1387087}.Release|Any CPU.Build.0 = Release|Any CPU
		{C4C656B3-1AFE-4870-CA7B-C688B034EFDA}.Debug|Any CPU.ActiveCfg = Debug|Any CPU
		{C4C656B3-1AFE-4870-CA7B-C688B034EFDA}.Debug|Any CPU.Build.0 = Debug|Any CPU
		{C4C656B3-1AFE-4870-CA7B-C688B034EFDA}.Release|Any CPU.ActiveCfg = Release|Any CPU
		{C4C656B3-1AFE-4870-CA7B-C688B034EFDA}.Release|Any CPU.Build.0 = Release|Any CPU
		{21BE052B-46FC-1E74-6A4F-082490DFDFD4}.Debug|Any CPU.ActiveCfg = Debug|Any CPU
		{21BE052B-46FC-1E74-6A4F-082490DFDFD4}.Debug|Any CPU.Build.0 = Debug|Any CPU
		{21BE052B-46FC-1E74-6A4F-082490DFDFD4}.Release|Any CPU.ActiveCfg = Release|Any CPU
		{21BE052B-46FC-1E74-6A4F-082490DFDFD4}.Release|Any CPU.Build.0 = Release|Any CPU
		{62EA99A3-CE9F-C9E5-071D-BCB01E0731F7}.Debug|Any CPU.ActiveCfg = Debug|Any CPU
		{62EA99A3-CE9F-C9E5-071D-BCB01E0731F7}.Debug|Any CPU.Build.0 = Debug|Any CPU
		{62EA99A3-CE9F-C9E5-071D-BCB01E0731F7}.Release|Any CPU.ActiveCfg = Release|Any CPU
		{62EA99A3-CE9F-C9E5-071D-BCB01E0731F7}.Release|Any CPU.Build.0 = Release|Any CPU
		{6AF3E658-5492-88C6-A329-D310D4DD6F5F}.Debug|Any CPU.ActiveCfg = Debug|Any CPU
		{6AF3E658-5492-88C6-A329-D310D4DD6F5F}.Debug|Any CPU.Build.0 = Debug|Any CPU
		{6AF3E658-5492-88C6-A329-D310D4DD6F5F}.Release|Any CPU.ActiveCfg = Release|Any CPU
		{6AF3E658-5492-88C6-A329-D310D4DD6F5F}.Release|Any CPU.Build.0 = Release|Any CPU
		{532D8805-97A7-A2DA-0AC6-D852788A2C89}.Debug|Any CPU.ActiveCfg = Debug|Any CPU
		{532D8805-97A7-A2DA-0AC6-D852788A2C89}.Debug|Any CPU.Build.0 = Debug|Any CPU
		{532D8805-97A7-A2DA-0AC6-D852788A2C89}.Release|Any CPU.ActiveCfg = Release|Any CPU
		{532D8805-97A7-A2DA-0AC6-D852788A2C89}.Release|Any CPU.Build.0 = Release|Any CPU
		{EE615242-B151-0B79-5887-598AF3A39C17}.Debug|Any CPU.ActiveCfg = Debug|Any CPU
		{EE615242-B151-0B79-5887-598AF3A39C17}.Debug|Any CPU.Build.0 = Debug|Any CPU
		{EE615242-B151-0B79-5887-598AF3A39C17}.Release|Any CPU.ActiveCfg = Release|Any CPU
		{EE615242-B151-0B79-5887-598AF3A39C17}.Release|Any CPU.Build.0 = Release|Any CPU
	EndGlobalSection
	GlobalSection(SolutionProperties) = preSolution
		HideSolutionNode = FALSE
	EndGlobalSection
EndGlobal
