
Microsoft Visual Studio Solution File, Format Version 12.00
# Visual Studio 15
Project("{FAE04EC0-301F-11D3-BF4B-00C04F79EFBC}") = "Assembly-CSharp", "Assembly-CSharp.csproj", "{8D52265A-AB3F-9B1F-FB97-20FFEED8F2EF}"
EndProject
Project("{FAE04EC0-301F-11D3-BF4B-00C04F79EFBC}") = "NavMeshComponentsExamples", "NavMeshComponentsExamples.csproj", "{6D780D7C-CFC5-9527-1BE9-E6DDC5E7D5B6}"
EndProject
Project("{FAE04EC0-301F-11D3-BF4B-00C04F79EFBC}") = "NavMeshComponents", "NavMeshComponents.csproj", "{FBA3887B-8545-AD53-1AB5-D3212F78AEDD}"
EndProject
Project("{FAE04EC0-301F-11D3-BF4B-00C04F79EFBC}") = "NavMeshComponentsTestsPlaymode", "NavMeshComponentsTestsPlaymode.csproj", "{E3D3E760-05A4-467F-9C3F-1923D611BC2E}"
EndProject
Project("{FAE04EC0-301F-11D3-BF4B-00C04F79EFBC}") = "Assembly-CSharp-firstpass", "Assembly-CSharp-firstpass.csproj", "{ECB8B742-452A-01DB-C25C-307C2169CD3A}"
EndProject
Project("{FAE04EC0-301F-11D3-BF4B-00C04F79EFBC}") = "NavMeshComponentsEditor", "NavMeshComponentsEditor.csproj", "{4D2E0CC8-55C0-53CD-31FF-7591E2130195}"
EndProject
Project("{FAE04EC0-301F-11D3-BF4B-00C04F79EFBC}") = "Assembly-CSharp-Editor-firstpass", "Assembly-CSharp-Editor-firstpass.csproj", "{FA1C0F2D-6B23-69D1-8FFB-B71277A8123E}"
EndProject
Project("{FAE04EC0-301F-11D3-BF4B-00C04F79EFBC}") = "NavMeshComponentsTestsEditmode", "NavMeshComponentsTestsEditmode.csproj", "{6700CF66-BF70-AA38-5C31-ECAADE3A9DD6}"
EndProject
Project("{FAE04EC0-301F-11D3-BF4B-00C04F79EFBC}") = "Assembly-CSharp-Editor", "Assembly-CSharp-Editor.csproj", "{3C23555B-7A25-FB4C-62BF-16642D6253C0}"
EndProject
Project("{FAE04EC0-301F-11D3-BF4B-00C04F79EFBC}") = "NavMeshComponentsExamplesEditor", "NavMeshComponentsExamplesEditor.csproj", "{A9970BBE-AB9F-647D-EC77-8377045D46D6}"
EndProject
Global
	GlobalSection(SolutionConfigurationPlatforms) = preSolution
		Debug|Any CPU = Debug|Any CPU
		Release|Any CPU = Release|Any CPU
	EndGlobalSection
	GlobalSection(ProjectConfigurationPlatforms) = postSolution
		{8D52265A-AB3F-9B1F-FB97-20FFEED8F2EF}.Debug|Any CPU.ActiveCfg = Debug|Any CPU
		{8D52265A-AB3F-9B1F-FB97-20FFEED8F2EF}.Debug|Any CPU.Build.0 = Debug|Any CPU
		{8D52265A-AB3F-9B1F-FB97-20FFEED8F2EF}.Release|Any CPU.ActiveCfg = Release|Any CPU
		{8D52265A-AB3F-9B1F-FB97-20FFEED8F2EF}.Release|Any CPU.Build.0 = Release|Any CPU
		{6D780D7C-CFC5-9527-1BE9-E6DDC5E7D5B6}.Debug|Any CPU.ActiveCfg = Debug|Any CPU
		{6D780D7C-CFC5-9527-1BE9-E6DDC5E7D5B6}.Debug|Any CPU.Build.0 = Debug|Any CPU
		{6D780D7C-CFC5-9527-1BE9-E6DDC5E7D5B6}.Release|Any CPU.ActiveCfg = Release|Any CPU
		{6D780D7C-CFC5-9527-1BE9-E6DDC5E7D5B6}.Release|Any CPU.Build.0 = Release|Any CPU
		{FBA3887B-8545-AD53-1AB5-D3212F78AEDD}.Debug|Any CPU.ActiveCfg = Debug|Any CPU
		{FBA3887B-8545-AD53-1AB5-D3212F78AEDD}.Debug|Any CPU.Build.0 = Debug|Any CPU
		{FBA3887B-8545-AD53-1AB5-D3212F78AEDD}.Release|Any CPU.ActiveCfg = Release|Any CPU
		{FBA3887B-8545-AD53-1AB5-D3212F78AEDD}.Release|Any CPU.Build.0 = Release|Any CPU
		{E3D3E760-05A4-467F-9C3F-1923D611BC2E}.Debug|Any CPU.ActiveCfg = Debug|Any CPU
		{E3D3E760-05A4-467F-9C3F-1923D611BC2E}.Debug|Any CPU.Build.0 = Debug|Any CPU
		{E3D3E760-05A4-467F-9C3F-1923D611BC2E}.Release|Any CPU.ActiveCfg = Release|Any CPU
		{E3D3E760-05A4-467F-9C3F-1923D611BC2E}.Release|Any CPU.Build.0 = Release|Any CPU
		{ECB8B742-452A-01DB-C25C-307C2169CD3A}.Debug|Any CPU.ActiveCfg = Debug|Any CPU
		{ECB8B742-452A-01DB-C25C-307C2169CD3A}.Debug|Any CPU.Build.0 = Debug|Any CPU
		{ECB8B742-452A-01DB-C25C-307C2169CD3A}.Release|Any CPU.ActiveCfg = Release|Any CPU
		{ECB8B742-452A-01DB-C25C-307C2169CD3A}.Release|Any CPU.Build.0 = Release|Any CPU
		{4D2E0CC8-55C0-53CD-31FF-7591E2130195}.Debug|Any CPU.ActiveCfg = Debug|Any CPU
		{4D2E0CC8-55C0-53CD-31FF-7591E2130195}.Debug|Any CPU.Build.0 = Debug|Any CPU
		{4D2E0CC8-55C0-53CD-31FF-7591E2130195}.Release|Any CPU.ActiveCfg = Release|Any CPU
		{4D2E0CC8-55C0-53CD-31FF-7591E2130195}.Release|Any CPU.Build.0 = Release|Any CPU
		{FA1C0F2D-6B23-69D1-8FFB-B71277A8123E}.Debug|Any CPU.ActiveCfg = Debug|Any CPU
		{FA1C0F2D-6B23-69D1-8FFB-B71277A8123E}.Debug|Any CPU.Build.0 = Debug|Any CPU
		{FA1C0F2D-6B23-69D1-8FFB-B71277A8123E}.Release|Any CPU.ActiveCfg = Release|Any CPU
		{FA1C0F2D-6B23-69D1-8FFB-B71277A8123E}.Release|Any CPU.Build.0 = Release|Any CPU
		{6700CF66-BF70-AA38-5C31-ECAADE3A9DD6}.Debug|Any CPU.ActiveCfg = Debug|Any CPU
		{6700CF66-BF70-AA38-5C31-ECAADE3A9DD6}.Debug|Any CPU.Build.0 = Debug|Any CPU
		{6700CF66-BF70-AA38-5C31-ECAADE3A9DD6}.Release|Any CPU.ActiveCfg = Release|Any CPU
		{6700CF66-BF70-AA38-5C31-ECAADE3A9DD6}.Release|Any CPU.Build.0 = Release|Any CPU
		{3C23555B-7A25-FB4C-62BF-16642D6253C0}.Debug|Any CPU.ActiveCfg = Debug|Any CPU
		{3C23555B-7A25-FB4C-62BF-16642D6253C0}.Debug|Any CPU.Build.0 = Debug|Any CPU
		{3C23555B-7A25-FB4C-62BF-16642D6253C0}.Release|Any CPU.ActiveCfg = Release|Any CPU
		{3C23555B-7A25-FB4C-62BF-16642D6253C0}.Release|Any CPU.Build.0 = Release|Any CPU
		{A9970BBE-AB9F-647D-EC77-8377045D46D6}.Debug|Any CPU.ActiveCfg = Debug|Any CPU
		{A9970BBE-AB9F-647D-EC77-8377045D46D6}.Debug|Any CPU.Build.0 = Debug|Any CPU
		{A9970BBE-AB9F-647D-EC77-8377045D46D6}.Release|Any CPU.ActiveCfg = Release|Any CPU
		{A9970BBE-AB9F-647D-EC77-8377045D46D6}.Release|Any CPU.Build.0 = Release|Any CPU
	EndGlobalSection
	GlobalSection(SolutionProperties) = preSolution
		HideSolutionNode = FALSE
	EndGlobalSection
EndGlobal
